
Microsoft Visual Studio Solution File, Format Version 12.00
# Visual Studio Version 17
VisualStudioVersion = 17.0.31512.422
MinimumVisualStudioVersion = 10.0.40219.1
Project("{9A19103F-16F7-4668-BE54-9A1E7A4F7556}") = "Cross Game SharedPC", "Cross Game SharedPC.csproj", "{BCF7365E-1222-450E-8EE0-A1F081530D81}"
EndProject
Global
	GlobalSection(SolutionConfigurationPlatforms) = preSolution
		Debug|Any CPU = Debug|Any CPU
		Release|Any CPU = Release|Any CPU
	EndGlobalSection
	GlobalSection(ProjectConfigurationPlatforms) = postSolution
		{BCF7365E-1222-450E-8EE0-A1F081530D81}.Debug|Any CPU.ActiveCfg = Debug|Any CPU
		{BCF7365E-1222-450E-8EE0-A1F081530D81}.Debug|Any CPU.Build.0 = Debug|Any CPU
		{BCF7365E-1222-450E-8EE0-A1F081530D81}.Release|Any CPU.ActiveCfg = Release|Any CPU
		{BCF7365E-1222-450E-8EE0-A1F081530D81}.Release|Any CPU.Build.0 = Release|Any CPU
	EndGlobalSection
	GlobalSection(SolutionProperties) = preSolution
		HideSolutionNode = FALSE
	EndGlobalSection
	GlobalSection(ExtensibilityGlobals) = postSolution
		SolutionGuid = {03D77A33-DA38-4E28-9DDF-914FAA61B878}
	EndGlobalSection
EndGlobal
